{
  "nodes": {
    "aws-tools": {
      "inputs": {
        "flake-utils": "flake-utils",
        "nixpkgs": [
          "nixpkgs"
        ]
      },
      "locked": {
        "lastModified": 1745865152,
        "narHash": "sha256-ZnzTHiucKE+nra2+xdkvQO9oH85mcFOjHImfsKSllBk=",
        "owner": "jordangarrison",
        "repo": "aws-tools",
        "rev": "c41814d27627f9488b4362b3180db29e19e623df",
        "type": "github"
      },
      "original": {
        "owner": "jordangarrison",
        "repo": "aws-tools",
        "type": "github"
      }
    },
    "aws-use-sso": {
      "inputs": {
        "flake-utils": "flake-utils_2",
        "nixpkgs": [
          "nixpkgs"
        ]
      },
      "locked": {
        "lastModified": 1746567748,
        "narHash": "sha256-KvQ6x/T3Afdwh110S196TRw9Lj1HK1NOHnxmjN116X0=",
        "owner": "jordangarrison",
        "repo": "aws-use-sso",
        "rev": "a2d2ef0fdc82a505aef65535b481eb71ce9d8860",
        "type": "github"
      },
      "original": {
        "owner": "jordangarrison",
        "repo": "aws-use-sso",
        "type": "github"
      }
    },
    "claude-code": {
      "inputs": {
        "flake-utils": "flake-utils_3",
        "nixpkgs": "nixpkgs"
      },
      "locked": {
        "lastModified": 1765506793,
        "narHash": "sha256-cfHpTj7s5E9WKSFwsgI4bnjvAQJb2hcL4dQIF9fsuzI=",
        "owner": "sadjow",
        "repo": "claude-code-nix",
        "rev": "fd14c5c923937946e2c079d786e1072890975f6a",
        "type": "github"
      },
      "original": {
        "owner": "sadjow",
        "repo": "claude-code-nix",
        "type": "github"
      }
    },
    "flake-compat": {
      "flake": false,
      "locked": {
        "lastModified": 1751685974,
        "narHash": "sha256-NKw96t+BgHIYzHUjkTK95FqYRVKB8DHpVhefWSz/kTw=",
        "ref": "refs/heads/main",
        "rev": "549f2762aebeff29a2e5ece7a7dc0f955281a1d1",
        "revCount": 92,
        "type": "git",
        "url": "https://git.lix.systems/lix-project/flake-compat.git"
      },
      "original": {
        "type": "git",
        "url": "https://git.lix.systems/lix-project/flake-compat.git"
      }
    },
    "flake-parts": {
      "inputs": {
        "nixpkgs-lib": [
          "nvf",
          "nixpkgs"
        ]
      },
      "locked": {
        "lastModified": 1760948891,
        "narHash": "sha256-TmWcdiUUaWk8J4lpjzu4gCGxWY6/Ok7mOK4fIFfBuU4=",
        "owner": "hercules-ci",
        "repo": "flake-parts",
        "rev": "864599284fc7c0ba6357ed89ed5e2cd5040f0c04",
        "type": "github"
      },
      "original": {
        "owner": "hercules-ci",
        "repo": "flake-parts",
        "type": "github"
      }
    },
    "flake-utils": {
      "inputs": {
        "systems": "systems"
      },
      "locked": {
        "lastModified": 1731533236,
        "narHash": "sha256-l0KFg5HjrsfsO/JpG+r7fRrqm12kzFHyUHqHCVpMMbI=",
        "owner": "numtide",
        "repo": "flake-utils",
        "rev": "11707dc2f618dd54ca8739b309ec4fc024de578b",
        "type": "github"
      },
      "original": {
        "owner": "numtide",
        "repo": "flake-utils",
        "type": "github"
      }
    },
    "flake-utils_2": {
      "inputs": {
        "systems": "systems_2"
      },
      "locked": {
        "lastModified": 1731533236,
        "narHash": "sha256-l0KFg5HjrsfsO/JpG+r7fRrqm12kzFHyUHqHCVpMMbI=",
        "owner": "numtide",
        "repo": "flake-utils",
        "rev": "11707dc2f618dd54ca8739b309ec4fc024de578b",
        "type": "github"
      },
      "original": {
        "owner": "numtide",
        "repo": "flake-utils",
        "type": "github"
      }
    },
    "flake-utils_3": {
      "inputs": {
        "systems": "systems_3"
      },
      "locked": {
        "lastModified": 1731533236,
        "narHash": "sha256-l0KFg5HjrsfsO/JpG+r7fRrqm12kzFHyUHqHCVpMMbI=",
        "owner": "numtide",
        "repo": "flake-utils",
        "rev": "11707dc2f618dd54ca8739b309ec4fc024de578b",
        "type": "github"
      },
      "original": {
        "owner": "numtide",
        "repo": "flake-utils",
        "type": "github"
      }
    },
    "flake-utils_4": {
      "inputs": {
        "systems": "systems_4"
      },
      "locked": {
        "lastModified": 1731533236,
        "narHash": "sha256-l0KFg5HjrsfsO/JpG+r7fRrqm12kzFHyUHqHCVpMMbI=",
        "owner": "numtide",
        "repo": "flake-utils",
        "rev": "11707dc2f618dd54ca8739b309ec4fc024de578b",
        "type": "github"
      },
      "original": {
        "owner": "numtide",
        "repo": "flake-utils",
        "type": "github"
      }
    },
    "home-manager": {
      "inputs": {
        "nixpkgs": [
          "nixpkgs"
        ]
      },
      "locked": {
        "lastModified": 1765480374,
        "narHash": "sha256-HlbvQAqLx7WqZFFQZ8nu5UUJAVlXiV/kqKbyueA8srw=",
        "owner": "nix-community",
        "repo": "home-manager",
        "rev": "39cb677ed9e908e90478aa9fe5f3383dfc1a63f3",
        "type": "github"
      },
      "original": {
        "owner": "nix-community",
        "repo": "home-manager",
        "type": "github"
      }
    },
    "hubctl": {
      "inputs": {
        "flake-utils": "flake-utils_4",
        "nixpkgs": "nixpkgs_2"
      },
      "locked": {
        "lastModified": 1760557229,
        "narHash": "sha256-bh4TT7oPEtMdvSL8zwhBjmAK1a6d1UozHlECMamGd9Y=",
        "owner": "jordangarrison",
        "repo": "hubctl",
        "rev": "94a202790f57c6a2f9d9af99dbc6b96618be1d1d",
        "type": "github"
      },
      "original": {
        "owner": "jordangarrison",
        "repo": "hubctl",
        "type": "github"
      }
    },
    "mnw": {
      "locked": {
        "lastModified": 1758834834,
        "narHash": "sha256-Y7IvY4F8vajZyp3WGf+KaiIVwondEkMFkt92Cr9NZmg=",
        "owner": "Gerg-L",
        "repo": "mnw",
        "rev": "cfbc7d1cc832e318d0863a5fc91d940a96034001",
        "type": "github"
      },
      "original": {
        "owner": "Gerg-L",
        "repo": "mnw",
        "type": "github"
      }
    },
    "ndg": {
      "inputs": {
        "nixpkgs": "nixpkgs_4"
      },
      "locked": {
        "lastModified": 1765435293,
        "narHash": "sha256-HRp4g6qBCb8vpJ17s2FacMRXRszM73uBiR56aILMELA=",
        "owner": "feel-co",
        "repo": "ndg",
        "rev": "65bf834b332d5f8b28d95ea14c7974be7c272971",
        "type": "github"
      },
      "original": {
        "owner": "feel-co",
        "repo": "ndg",
        "type": "github"
      }
    },
    "nix-darwin": {
      "inputs": {
        "nixpkgs": [
          "nixpkgs"
        ]
      },
      "locked": {
        "lastModified": 1765065051,
        "narHash": "sha256-b7W9WsvyMOkUScNxbzS45KEJp0iiqRPyJ1I3JBE+oEE=",
        "owner": "LnL7",
        "repo": "nix-darwin",
        "rev": "7e22bf538aa3e0937effcb1cee73d5f1bcc26f79",
        "type": "github"
      },
      "original": {
        "owner": "LnL7",
        "ref": "master",
        "repo": "nix-darwin",
        "type": "github"
      }
    },
    "nixos-hardware": {
      "locked": {
        "lastModified": 1764440730,
        "narHash": "sha256-ZlJTNLUKQRANlLDomuRWLBCH5792x+6XUJ4YdFRjtO4=",
        "owner": "nixos",
        "repo": "nixos-hardware",
        "rev": "9154f4569b6cdfd3c595851a6ba51bfaa472d9f3",
        "type": "github"
      },
      "original": {
        "owner": "nixos",
        "repo": "nixos-hardware",
        "type": "github"
      }
    },
    "nixpkgs": {
      "locked": {
        "lastModified": 1765270179,
        "narHash": "sha256-g2a4MhRKu4ymR4xwo+I+auTknXt/+j37Lnf0Mvfl1rE=",
        "owner": "NixOS",
        "repo": "nixpkgs",
        "rev": "677fbe97984e7af3175b6c121f3c39ee5c8d62c9",
        "type": "github"
      },
      "original": {
        "owner": "NixOS",
        "ref": "nixpkgs-unstable",
        "repo": "nixpkgs",
        "type": "github"
      }
    },
    "nixpkgs-master": {
      "locked": {
        "lastModified": 1765549813,
        "narHash": "sha256-8EF2JkX808Yd3oeRZCfUa4oidmd2d+p4nQdbKb2h6Mo=",
        "owner": "nixos",
        "repo": "nixpkgs",
        "rev": "fd145cd3a91eaa1353c9abda7827a4ebe8389fa6",
        "type": "github"
      },
      "original": {
        "owner": "nixos",
        "ref": "master",
        "repo": "nixpkgs",
        "type": "github"
      }
    },
    "nixpkgs-stable": {
      "locked": {
        "lastModified": 1765363881,
        "narHash": "sha256-3C3xWn8/2Zzr7sxVBmpc1H1QfxjNfta5IMFe3O9ZEPw=",
        "owner": "nixos",
        "repo": "nixpkgs",
        "rev": "d2b1213bf5ec5e62d96b003ab4b5cbc42abfc0d0",
        "type": "github"
      },
      "original": {
        "owner": "nixos",
        "ref": "nixos-25.05",
        "repo": "nixpkgs",
        "type": "github"
      }
    },
    "nixpkgs_2": {
      "locked": {
        "lastModified": 1760284886,
        "narHash": "sha256-TK9Kr0BYBQ/1P5kAsnNQhmWWKgmZXwUQr4ZMjCzWf2c=",
        "owner": "nixos",
        "repo": "nixpkgs",
        "rev": "cf3f5c4def3c7b5f1fc012b3d839575dbe552d43",
        "type": "github"
      },
      "original": {
        "owner": "nixos",
        "ref": "nixos-unstable",
        "repo": "nixpkgs",
        "type": "github"
      }
    },
    "nixpkgs_3": {
      "locked": {
        "lastModified": 1765186076,
        "narHash": "sha256-hM20uyap1a0M9d344I692r+ik4gTMyj60cQWO+hAYP8=",
        "owner": "nixos",
        "repo": "nixpkgs",
        "rev": "addf7cf5f383a3101ecfba091b98d0a1263dc9b8",
        "type": "github"
      },
      "original": {
        "owner": "nixos",
        "ref": "nixos-unstable",
        "repo": "nixpkgs",
        "type": "github"
      }
    },
    "nixpkgs_4": {
      "locked": {
        "lastModified": 1764242076,
        "narHash": "sha256-sKoIWfnijJ0+9e4wRvIgm/HgE27bzwQxcEmo2J/gNpI=",
        "owner": "NixOS",
        "repo": "nixpkgs",
        "rev": "2fad6eac6077f03fe109c4d4eb171cf96791faa4",
        "type": "github"
      },
      "original": {
        "owner": "NixOS",
        "ref": "nixos-unstable",
        "repo": "nixpkgs",
        "type": "github"
      }
    },
    "nvf": {
      "inputs": {
        "flake-compat": "flake-compat",
        "flake-parts": "flake-parts",
        "mnw": "mnw",
        "ndg": "ndg",
        "nixpkgs": [
          "nixpkgs"
        ],
        "systems": "systems_5"
      },
      "locked": {
        "lastModified": 1765538316,
        "narHash": "sha256-6xrEkfZZaRSbbEa8dKMs0N+E+0DnNTFlNVRhJ3Cl0SQ=",
        "owner": "NotAShelf",
        "repo": "nvf",
        "rev": "13b3916c1cac0adf865eaa2624604de1b89f0902",
        "type": "github"
      },
      "original": {
        "owner": "NotAShelf",
        "repo": "nvf",
        "type": "github"
      }
    },
    "root": {
      "inputs": {
        "aws-tools": "aws-tools",
        "aws-use-sso": "aws-use-sso",
        "claude-code": "claude-code",
        "home-manager": "home-manager",
        "hubctl": "hubctl",
        "nix-darwin": "nix-darwin",
        "nixos-hardware": "nixos-hardware",
        "nixpkgs": "nixpkgs_3",
        "nixpkgs-master": "nixpkgs-master",
        "nixpkgs-stable": "nixpkgs-stable",
        "nvf": "nvf",
        "warp-preview": "warp-preview"
      }
    },
    "systems": {
      "locked": {
        "lastModified": 1681028828,
        "narHash": "sha256-Vy1rq5AaRuLzOxct8nz4T6wlgyUR7zLU309k9mBC768=",
        "owner": "nix-systems",
        "repo": "default",
        "rev": "da67096a3b9bf56a91d16901293e51ba5b49a27e",
        "type": "github"
      },
      "original": {
        "owner": "nix-systems",
        "repo": "default",
        "type": "github"
      }
    },
    "systems_2": {
      "locked": {
        "lastModified": 1681028828,
        "narHash": "sha256-Vy1rq5AaRuLzOxct8nz4T6wlgyUR7zLU309k9mBC768=",
        "owner": "nix-systems",
        "repo": "default",
        "rev": "da67096a3b9bf56a91d16901293e51ba5b49a27e",
        "type": "github"
      },
      "original": {
        "owner": "nix-systems",
        "repo": "default",
        "type": "github"
      }
    },
    "systems_3": {
      "locked": {
        "lastModified": 1681028828,
        "narHash": "sha256-Vy1rq5AaRuLzOxct8nz4T6wlgyUR7zLU309k9mBC768=",
        "owner": "nix-systems",
        "repo": "default",
        "rev": "da67096a3b9bf56a91d16901293e51ba5b49a27e",
        "type": "github"
      },
      "original": {
        "owner": "nix-systems",
        "repo": "default",
        "type": "github"
      }
    },
    "systems_4": {
      "locked": {
        "lastModified": 1681028828,
        "narHash": "sha256-Vy1rq5AaRuLzOxct8nz4T6wlgyUR7zLU309k9mBC768=",
        "owner": "nix-systems",
        "repo": "default",
        "rev": "da67096a3b9bf56a91d16901293e51ba5b49a27e",
        "type": "github"
      },
      "original": {
        "owner": "nix-systems",
        "repo": "default",
        "type": "github"
      }
    },
    "systems_5": {
      "locked": {
        "lastModified": 1681028828,
        "narHash": "sha256-Vy1rq5AaRuLzOxct8nz4T6wlgyUR7zLU309k9mBC768=",
        "owner": "nix-systems",
        "repo": "default",
        "rev": "da67096a3b9bf56a91d16901293e51ba5b49a27e",
        "type": "github"
      },
      "original": {
        "owner": "nix-systems",
        "repo": "default",
        "type": "github"
      }
    },
    "warp-preview": {
      "inputs": {
        "nixpkgs": [
          "nixpkgs"
        ]
      },
      "locked": {
        "lastModified": 1765550474,
        "narHash": "sha256-Or8w5tebyZ2nl3R+TuwJj+xxraFtaNTltqSHXCj5xk4=",
        "owner": "jordangarrison",
        "repo": "warp-preview-flake",
        "rev": "1bf336c4890eb677bb8186fd159c97d3fcdafae7",
        "type": "github"
      },
      "original": {
        "owner": "jordangarrison",
        "repo": "warp-preview-flake",
        "type": "github"
      }
    }
  },
  "root": "root",
  "version": 7
}
